
Microsoft Visual Studio Solution File, Format Version 12.00
# Visual Studio Version 16
VisualStudioVersion = 16.0.34031.81
MinimumVisualStudioVersion = 10.0.40219.1
Project("{FAE04EC0-301F-11D3-BF4B-00C04F79EFBC}") = "MY_WEB", "MY_WEB.csproj", "{D5CAF7D8-088D-47C8-AD44-CC790ED7DFA5}"
EndProject
Global
	GlobalSection(SolutionConfigurationPlatforms) = preSolution
		Debug|Any CPU = Debug|Any CPU
		Release|Any CPU = Release|Any CPU
	EndGlobalSection
	GlobalSection(ProjectConfigurationPlatforms) = postSolution
		{D5CAF7D8-088D-47C8-AD44-CC790ED7DFA5}.Debug|Any CPU.ActiveCfg = Debug|Any CPU
		{D5CAF7D8-088D-47C8-AD44-CC790ED7DFA5}.Debug|Any CPU.Build.0 = Debug|Any CPU
		{D5CAF7D8-088D-47C8-AD44-CC790ED7DFA5}.Release|Any CPU.ActiveCfg = Release|Any CPU
		{D5CAF7D8-088D-47C8-AD44-CC790ED7DFA5}.Release|Any CPU.Build.0 = Release|Any CPU
	EndGlobalSection
	GlobalSection(SolutionProperties) = preSolution
		HideSolutionNode = FALSE
	EndGlobalSection
	GlobalSection(ExtensibilityGlobals) = postSolution
		SolutionGuid = {FD9CA2AD-03E7-4F1C-BFC2-69C44F396761}
	EndGlobalSection
EndGlobal
